
Microsoft Visual Studio Solution File, Format Version 12.00
# Visual Studio Version 17
VisualStudioVersion = 17.4.33213.308
MinimumVisualStudioVersion = 10.0.40219.1
Project("{2150E333-8FDC-42A3-9474-1A3956D46DE8}") = "src", "src", "{3F57F973-E1C0-4400-8047-F4E75ECFD0E5}"
EndProject
Project("{FAE04EC0-301F-11D3-BF4B-00C04F79EFBC}") = "Domain", "Domain\Domain.csproj", "{5BAC06AC-BB0C-4B04-9B6F-680DB95E9F4B}"
EndProject
Project("{FAE04EC0-301F-11D3-BF4B-00C04F79EFBC}") = "Application", "Application\Application.csproj", "{1A0B7B1C-AFB5-4D0E-9EC6-99A4C6B7D0BA}"
EndProject
Project("{FAE04EC0-301F-11D3-BF4B-00C04F79EFBC}") = "Infrastructure", "Infrastructure\Infrastructure.csproj", "{F6B85522-DA23-4171-B776-046DD2A51E8D}"
EndProject
Project("{FAE04EC0-301F-11D3-BF4B-00C04F79EFBC}") = "Presentation", "Presentation\Presentation.csproj", "{9CAF904F-8F4D-4D87-B1A9-335070EC997A}"
EndProject
Project("{FAE04EC0-301F-11D3-BF4B-00C04F79EFBC}") = "WebApi", "WebApi\WebApi.csproj", "{9BCCCB15-3FAF-4AB6-A166-B22EF4A18314}"
EndProject
Global
	GlobalSection(SolutionConfigurationPlatforms) = preSolution
		Debug|Any CPU = Debug|Any CPU
		Release|Any CPU = Release|Any CPU
	EndGlobalSection
	GlobalSection(ProjectConfigurationPlatforms) = postSolution
		{5BAC06AC-BB0C-4B04-9B6F-680DB95E9F4B}.Debug|Any CPU.ActiveCfg = Debug|Any CPU
		{5BAC06AC-BB0C-4B04-9B6F-680DB95E9F4B}.Debug|Any CPU.Build.0 = Debug|Any CPU
		{5BAC06AC-BB0C-4B04-9B6F-680DB95E9F4B}.Release|Any CPU.ActiveCfg = Release|Any CPU
		{5BAC06AC-BB0C-4B04-9B6F-680DB95E9F4B}.Release|Any CPU.Build.0 = Release|Any CPU
		{1A0B7B1C-AFB5-4D0E-9EC6-99A4C6B7D0BA}.Debug|Any CPU.ActiveCfg = Debug|Any CPU
		{1A0B7B1C-AFB5-4D0E-9EC6-99A4C6B7D0BA}.Debug|Any CPU.Build.0 = Debug|Any CPU
		{1A0B7B1C-AFB5-4D0E-9EC6-99A4C6B7D0BA}.Release|Any CPU.ActiveCfg = Release|Any CPU
		{1A0B7B1C-AFB5-4D0E-9EC6-99A4C6B7D0BA}.Release|Any CPU.Build.0 = Release|Any CPU
		{F6B85522-DA23-4171-B776-046DD2A51E8D}.Debug|Any CPU.ActiveCfg = Debug|Any CPU
		{F6B85522-DA23-4171-B776-046DD2A51E8D}.Debug|Any CPU.Build.0 = Debug|Any CPU
		{F6B85522-DA23-4171-B776-046DD2A51E8D}.Release|Any CPU.ActiveCfg = Release|Any CPU
		{F6B85522-DA23-4171-B776-046DD2A51E8D}.Release|Any CPU.Build.0 = Release|Any CPU
		{9CAF904F-8F4D-4D87-B1A9-335070EC997A}.Debug|Any CPU.ActiveCfg = Debug|Any CPU
		{9CAF904F-8F4D-4D87-B1A9-335070EC997A}.Debug|Any CPU.Build.0 = Debug|Any CPU
		{9CAF904F-8F4D-4D87-B1A9-335070EC997A}.Release|Any CPU.ActiveCfg = Release|Any CPU
		{9CAF904F-8F4D-4D87-B1A9-335070EC997A}.Release|Any CPU.Build.0 = Release|Any CPU
		{9BCCCB15-3FAF-4AB6-A166-B22EF4A18314}.Debug|Any CPU.ActiveCfg = Debug|Any CPU
		{9BCCCB15-3FAF-4AB6-A166-B22EF4A18314}.Debug|Any CPU.Build.0 = Debug|Any CPU
		{9BCCCB15-3FAF-4AB6-A166-B22EF4A18314}.Release|Any CPU.ActiveCfg = Release|Any CPU
		{9BCCCB15-3FAF-4AB6-A166-B22EF4A18314}.Release|Any CPU.Build.0 = Release|Any CPU
	EndGlobalSection
	GlobalSection(SolutionProperties) = preSolution
		HideSolutionNode = FALSE
	EndGlobalSection
	GlobalSection(NestedProjects) = preSolution
		{5BAC06AC-BB0C-4B04-9B6F-680DB95E9F4B} = {3F57F973-E1C0-4400-8047-F4E75ECFD0E5}
		{1A0B7B1C-AFB5-4D0E-9EC6-99A4C6B7D0BA} = {3F57F973-E1C0-4400-8047-F4E75ECFD0E5}
		{F6B85522-DA23-4171-B776-046DD2A51E8D} = {3F57F973-E1C0-4400-8047-F4E75ECFD0E5}
		{9CAF904F-8F4D-4D87-B1A9-335070EC997A} = {3F57F973-E1C0-4400-8047-F4E75ECFD0E5}
		{9BCCCB15-3FAF-4AB6-A166-B22EF4A18314} = {3F57F973-E1C0-4400-8047-F4E75ECFD0E5}
	EndGlobalSection
	GlobalSection(ExtensibilityGlobals) = postSolution
		SolutionGuid = {FD1B9DCC-C7BC-47B5-B484-FF630AD024BD}
	EndGlobalSection
EndGlobal
